// !$*UTF8*$!
{
	archiveVersion = 1;
	classes = {
	};
	objectVersion = 50;
	objects = {

/* Begin PBXBuildFile section */
		D44C80A72329673500A662AE /* UnderlinedTextField.swift in Sources */ = {isa = PBXBuildFile; fileRef = D44C80A62329673500A662AE /* UnderlinedTextField.swift */; };
		D46F9A84234CD959000A214C /* RoundedCorners.swift in Sources */ = {isa = PBXBuildFile; fileRef = D46F9A83234CD959000A214C /* RoundedCorners.swift */; };
		D46F9A86234CDFC7000A214C /* SegmentedControlFilter.swift in Sources */ = {isa = PBXBuildFile; fileRef = D46F9A85234CDFC7000A214C /* SegmentedControlFilter.swift */; };
		D49CF9D92329345E0002D656 /* AppDelegate.swift in Sources */ = {isa = PBXBuildFile; fileRef = D49CF9D82329345E0002D656 /* AppDelegate.swift */; };
		D49CF9DB2329345E0002D656 /* SearchTableViewController.swift in Sources */ = {isa = PBXBuildFile; fileRef = D49CF9DA2329345E0002D656 /* SearchTableViewController.swift */; };
		D49CF9E0232934600002D656 /* Assets.xcassets in Resources */ = {isa = PBXBuildFile; fileRef = D49CF9DF232934600002D656 /* Assets.xcassets */; };
		D49CF9E3232934600002D656 /* LaunchScreen.storyboard in Resources */ = {isa = PBXBuildFile; fileRef = D49CF9E1232934600002D656 /* LaunchScreen.storyboard */; };
		D4B1E516237AC16600253C66 /* Main.storyboard in Resources */ = {isa = PBXBuildFile; fileRef = D4B1E515237AC16600253C66 /* Main.storyboard */; };
		D4B1E519237AC30100253C66 /* ClassroomCell.swift in Sources */ = {isa = PBXBuildFile; fileRef = D4B1E518237AC30100253C66 /* ClassroomCell.swift */; };
		D4B1E51C237AC35400253C66 /* Classroom.swift in Sources */ = {isa = PBXBuildFile; fileRef = D4B1E51B237AC35400253C66 /* Classroom.swift */; };
		D4B1E51E237AE9F300253C66 /* ClassroomDTO.swift in Sources */ = {isa = PBXBuildFile; fileRef = D4B1E51D237AE9F300253C66 /* ClassroomDTO.swift */; };
		D4E3945C237B090A00B1B312 /* AnnouncementDTO.swift in Sources */ = {isa = PBXBuildFile; fileRef = D4E3945B237B090A00B1B312 /* AnnouncementDTO.swift */; };
		D4E3945E237B09F600B1B312 /* Announcement.swift in Sources */ = {isa = PBXBuildFile; fileRef = D4E3945D237B09F600B1B312 /* Announcement.swift */; };
		D4E39460237B4B9800B1B312 /* AnnouncementCell.swift in Sources */ = {isa = PBXBuildFile; fileRef = D4E3945F237B4B9800B1B312 /* AnnouncementCell.swift */; };
/* End PBXBuildFile section */

/* Begin PBXFileReference section */
		D44C80A62329673500A662AE /* UnderlinedTextField.swift */ = {isa = PBXFileReference; lastKnownFileType = sourcecode.swift; path = UnderlinedTextField.swift; sourceTree = "<group>"; };
		D46F9A83234CD959000A214C /* RoundedCorners.swift */ = {isa = PBXFileReference; lastKnownFileType = sourcecode.swift; path = RoundedCorners.swift; sourceTree = "<group>"; };
		D46F9A85234CDFC7000A214C /* SegmentedControlFilter.swift */ = {isa = PBXFileReference; lastKnownFileType = sourcecode.swift; path = SegmentedControlFilter.swift; sourceTree = "<group>"; };
		D49CF9D52329345E0002D656 /* KdGPlanner.app */ = {isa = PBXFileReference; explicitFileType = wrapper.application; includeInIndex = 0; path = KdGPlanner.app; sourceTree = BUILT_PRODUCTS_DIR; };
		D49CF9D82329345E0002D656 /* AppDelegate.swift */ = {isa = PBXFileReference; lastKnownFileType = sourcecode.swift; path = AppDelegate.swift; sourceTree = "<group>"; };
		D49CF9DA2329345E0002D656 /* SearchTableViewController.swift */ = {isa = PBXFileReference; lastKnownFileType = sourcecode.swift; path = SearchTableViewController.swift; sourceTree = "<group>"; };
		D49CF9DF232934600002D656 /* Assets.xcassets */ = {isa = PBXFileReference; lastKnownFileType = folder.assetcatalog; path = Assets.xcassets; sourceTree = "<group>"; };
		D49CF9E2232934600002D656 /* Base */ = {isa = PBXFileReference; lastKnownFileType = file.storyboard; name = Base; path = Base.lproj/LaunchScreen.storyboard; sourceTree = "<group>"; };
		D49CF9E4232934600002D656 /* Info.plist */ = {isa = PBXFileReference; lastKnownFileType = text.plist.xml; path = Info.plist; sourceTree = "<group>"; };
		D4B1E515237AC16600253C66 /* Main.storyboard */ = {isa = PBXFileReference; fileEncoding = 4; lastKnownFileType = file.storyboard; path = Main.storyboard; sourceTree = "<group>"; };
		D4B1E518237AC30100253C66 /* ClassroomCell.swift */ = {isa = PBXFileReference; lastKnownFileType = sourcecode.swift; path = ClassroomCell.swift; sourceTree = "<group>"; };
		D4B1E51B237AC35400253C66 /* Classroom.swift */ = {isa = PBXFileReference; lastKnownFileType = sourcecode.swift; path = Classroom.swift; sourceTree = "<group>"; };
		D4B1E51D237AE9F300253C66 /* ClassroomDTO.swift */ = {isa = PBXFileReference; lastKnownFileType = sourcecode.swift; path = ClassroomDTO.swift; sourceTree = "<group>"; };
		D4E3945B237B090A00B1B312 /* AnnouncementDTO.swift */ = {isa = PBXFileReference; lastKnownFileType = sourcecode.swift; path = AnnouncementDTO.swift; sourceTree = "<group>"; };
		D4E3945D237B09F600B1B312 /* Announcement.swift */ = {isa = PBXFileReference; lastKnownFileType = sourcecode.swift; path = Announcement.swift; sourceTree = "<group>"; };
		D4E3945F237B4B9800B1B312 /* AnnouncementCell.swift */ = {isa = PBXFileReference; lastKnownFileType = sourcecode.swift; path = AnnouncementCell.swift; sourceTree = "<group>"; };
/* End PBXFileReference section */

/* Begin PBXFrameworksBuildPhase section */
		D49CF9D22329345E0002D656 /* Frameworks */ = {
			isa = PBXFrameworksBuildPhase;
			buildActionMask = 2147483647;
			files = (
			);
			runOnlyForDeploymentPostprocessing = 0;
		};
/* End PBXFrameworksBuildPhase section */

/* Begin PBXGroup section */
		D4422C62234CA33E00B1EFBE /* Extensions */ = {
			isa = PBXGroup;
			children = (
				D44C80A62329673500A662AE /* UnderlinedTextField.swift */,
			);
			path = Extensions;
			sourceTree = "<group>";
		};
		D44C80A02329600C00A662AE /* Views */ = {
			isa = PBXGroup;
			children = (
				D46F9A83234CD959000A214C /* RoundedCorners.swift */,
				D46F9A85234CDFC7000A214C /* SegmentedControlFilter.swift */,
			);
			path = Views;
			sourceTree = "<group>";
		};
		D49CF9CC2329345E0002D656 = {
			isa = PBXGroup;
			children = (
				D49CF9D72329345E0002D656 /* KdGPlanner */,
				D49CF9D62329345E0002D656 /* Products */,
			);
			sourceTree = "<group>";
		};
		D49CF9D62329345E0002D656 /* Products */ = {
			isa = PBXGroup;
			children = (
				D49CF9D52329345E0002D656 /* KdGPlanner.app */,
			);
			name = Products;
			sourceTree = "<group>";
		};
		D49CF9D72329345E0002D656 /* KdGPlanner */ = {
			isa = PBXGroup;
			children = (
				D4B1E51A237AC34000253C66 /* Objects */,
				D4B1E517237AC2C500253C66 /* Cells */,
				D4422C62234CA33E00B1EFBE /* Extensions */,
				D44C80A02329600C00A662AE /* Views */,
				D49CF9D82329345E0002D656 /* AppDelegate.swift */,
				D49CF9DA2329345E0002D656 /* SearchTableViewController.swift */,
				D4B1E515237AC16600253C66 /* Main.storyboard */,
				D49CF9DF232934600002D656 /* Assets.xcassets */,
				D49CF9E1232934600002D656 /* LaunchScreen.storyboard */,
				D49CF9E4232934600002D656 /* Info.plist */,
			);
			path = KdGPlanner;
			sourceTree = "<group>";
		};
		D4B1E517237AC2C500253C66 /* Cells */ = {
			isa = PBXGroup;
			children = (
				D4B1E518237AC30100253C66 /* ClassroomCell.swift */,
				D4E3945F237B4B9800B1B312 /* AnnouncementCell.swift */,
			);
			path = Cells;
			sourceTree = "<group>";
		};
		D4B1E51A237AC34000253C66 /* Objects */ = {
			isa = PBXGroup;
			children = (
				D4B1E51B237AC35400253C66 /* Classroom.swift */,
				D4B1E51D237AE9F300253C66 /* ClassroomDTO.swift */,
				D4E3945B237B090A00B1B312 /* AnnouncementDTO.swift */,
				D4E3945D237B09F600B1B312 /* Announcement.swift */,
			);
			path = Objects;
			sourceTree = "<group>";
		};
/* End PBXGroup section */

/* Begin PBXNativeTarget section */
		D49CF9D42329345E0002D656 /* KdGPlanner */ = {
			isa = PBXNativeTarget;
			buildConfigurationList = D49CF9E7232934600002D656 /* Build configuration list for PBXNativeTarget "KdGPlanner" */;
			buildPhases = (
				D49CF9D12329345E0002D656 /* Sources */,
				D49CF9D22329345E0002D656 /* Frameworks */,
				D49CF9D32329345E0002D656 /* Resources */,
			);
			buildRules = (
			);
			dependencies = (
			);
			name = KdGPlanner;
			productName = KdGPlanner;
			productReference = D49CF9D52329345E0002D656 /* KdGPlanner.app */;
			productType = "com.apple.product-type.application";
		};
/* End PBXNativeTarget section */

/* Begin PBXProject section */
		D49CF9CD2329345E0002D656 /* Project object */ = {
			isa = PBXProject;
			attributes = {
				LastSwiftUpdateCheck = 1030;
				LastUpgradeCheck = 1030;
				ORGANIZATIONNAME = Devvix;
				TargetAttributes = {
					D49CF9D42329345E0002D656 = {
						CreatedOnToolsVersion = 10.3;
					};
				};
			};
			buildConfigurationList = D49CF9D02329345E0002D656 /* Build configuration list for PBXProject "KdGPlanner" */;
			compatibilityVersion = "Xcode 9.3";
			developmentRegion = en;
			hasScannedForEncodings = 0;
			knownRegions = (
				en,
				Base,
			);
			mainGroup = D49CF9CC2329345E0002D656;
			productRefGroup = D49CF9D62329345E0002D656 /* Products */;
			projectDirPath = "";
			projectRoot = "";
			targets = (
				D49CF9D42329345E0002D656 /* KdGPlanner */,
			);
		};
/* End PBXProject section */

/* Begin PBXResourcesBuildPhase section */
		D49CF9D32329345E0002D656 /* Resources */ = {
			isa = PBXResourcesBuildPhase;
			buildActionMask = 2147483647;
			files = (
				D4B1E516237AC16600253C66 /* Main.storyboard in Resources */,
				D49CF9E3232934600002D656 /* LaunchScreen.storyboard in Resources */,
				D49CF9E0232934600002D656 /* Assets.xcassets in Resources */,
			);
			runOnlyForDeploymentPostprocessing = 0;
		};
/* End PBXResourcesBuildPhase section */

/* Begin PBXSourcesBuildPhase section */
		D49CF9D12329345E0002D656 /* Sources */ = {
			isa = PBXSourcesBuildPhase;
			buildActionMask = 2147483647;
			files = (
				D46F9A86234CDFC7000A214C /* SegmentedControlFilter.swift in Sources */,
				D4E39460237B4B9800B1B312 /* AnnouncementCell.swift in Sources */,
				D46F9A84234CD959000A214C /* RoundedCorners.swift in Sources */,
				D49CF9DB2329345E0002D656 /* SearchTableViewController.swift in Sources */,
				D49CF9D92329345E0002D656 /* AppDelegate.swift in Sources */,
				D44C80A72329673500A662AE /* UnderlinedTextField.swift in Sources */,
				D4B1E51C237AC35400253C66 /* Classroom.swift in Sources */,
				D4E3945C237B090A00B1B312 /* AnnouncementDTO.swift in Sources */,
				D4B1E519237AC30100253C66 /* ClassroomCell.swift in Sources */,
				D4E3945E237B09F600B1B312 /* Announcement.swift in Sources */,
				D4B1E51E237AE9F300253C66 /* ClassroomDTO.swift in Sources */,
			);
			runOnlyForDeploymentPostprocessing = 0;
		};
/* End PBXSourcesBuildPhase section */

/* Begin PBXVariantGroup section */
		D49CF9E1232934600002D656 /* LaunchScreen.storyboard */ = {
			isa = PBXVariantGroup;
			children = (
				D49CF9E2232934600002D656 /* Base */,
			);
			name = LaunchScreen.storyboard;
			sourceTree = "<group>";
		};
/* End PBXVariantGroup section */

/* Begin XCBuildConfiguration section */
		D49CF9E5232934600002D656 /* Debug */ = {
			isa = XCBuildConfiguration;
			buildSettings = {
				ALWAYS_SEARCH_USER_PATHS = NO;
				CLANG_ANALYZER_NONNULL = YES;
				CLANG_ANALYZER_NUMBER_OBJECT_CONVERSION = YES_AGGRESSIVE;
				CLANG_CXX_LANGUAGE_STANDARD = "gnu++14";
				CLANG_CXX_LIBRARY = "libc++";
				CLANG_ENABLE_MODULES = YES;
				CLANG_ENABLE_OBJC_ARC = YES;
				CLANG_ENABLE_OBJC_WEAK = YES;
				CLANG_WARN_BLOCK_CAPTURE_AUTORELEASING = YES;
				CLANG_WARN_BOOL_CONVERSION = YES;
				CLANG_WARN_COMMA = YES;
				CLANG_WARN_CONSTANT_CONVERSION = YES;
				CLANG_WARN_DEPRECATED_OBJC_IMPLEMENTATIONS = YES;
				CLANG_WARN_DIRECT_OBJC_ISA_USAGE = YES_ERROR;
				CLANG_WARN_DOCUMENTATION_COMMENTS = YES;
				CLANG_WARN_EMPTY_BODY = YES;
				CLANG_WARN_ENUM_CONVERSION = YES;
				CLANG_WARN_INFINITE_RECURSION = YES;
				CLANG_WARN_INT_CONVERSION = YES;
				CLANG_WARN_NON_LITERAL_NULL_CONVERSION = YES;
				CLANG_WARN_OBJC_IMPLICIT_RETAIN_SELF = YES;
				CLANG_WARN_OBJC_LITERAL_CONVERSION = YES;
				CLANG_WARN_OBJC_ROOT_CLASS = YES_ERROR;
				CLANG_WARN_RANGE_LOOP_ANALYSIS = YES;
				CLANG_WARN_STRICT_PROTOTYPES = YES;
				CLANG_WARN_SUSPICIOUS_MOVE = YES;
				CLANG_WARN_UNGUARDED_AVAILABILITY = YES_AGGRESSIVE;
				CLANG_WARN_UNREACHABLE_CODE = YES;
				CLANG_WARN__DUPLICATE_METHOD_MATCH = YES;
				CODE_SIGN_IDENTITY = "iPhone Developer";
				COPY_PHASE_STRIP = NO;
				DEBUG_INFORMATION_FORMAT = dwarf;
				ENABLE_STRICT_OBJC_MSGSEND = YES;
				ENABLE_TESTABILITY = YES;
				GCC_C_LANGUAGE_STANDARD = gnu11;
				GCC_DYNAMIC_NO_PIC = NO;
				GCC_NO_COMMON_BLOCKS = YES;
				GCC_OPTIMIZATION_LEVEL = 0;
				GCC_PREPROCESSOR_DEFINITIONS = (
					"DEBUG=1",
					"$(inherited)",
				);
				GCC_WARN_64_TO_32_BIT_CONVERSION = YES;
				GCC_WARN_ABOUT_RETURN_TYPE = YES_ERROR;
				GCC_WARN_UNDECLARED_SELECTOR = YES;
				GCC_WARN_UNINITIALIZED_AUTOS = YES_AGGRESSIVE;
				GCC_WARN_UNUSED_FUNCTION = YES;
				GCC_WARN_UNUSED_VARIABLE = YES;
				IPHONEOS_DEPLOYMENT_TARGET = 12.4;
				MTL_ENABLE_DEBUG_INFO = INCLUDE_SOURCE;
				MTL_FAST_MATH = YES;
				ONLY_ACTIVE_ARCH = YES;
				SDKROOT = iphoneos;
				SWIFT_ACTIVE_COMPILATION_CONDITIONS = DEBUG;
				SWIFT_OPTIMIZATION_LEVEL = "-Onone";
			};
			name = Debug;
		};
		D49CF9E6232934600002D656 /* Release */ = {
			isa = XCBuildConfiguration;
			buildSettings = {
				ALWAYS_SEARCH_USER_PATHS = NO;
				CLANG_ANALYZER_NONNULL = YES;
				CLANG_ANALYZER_NUMBER_OBJECT_CONVERSION = YES_AGGRESSIVE;
				CLANG_CXX_LANGUAGE_STANDARD = "gnu++14";
				CLANG_CXX_LIBRARY = "libc++";
				CLANG_ENABLE_MODULES = YES;
				CLANG_ENABLE_OBJC_ARC = YES;
				CLANG_ENABLE_OBJC_WEAK = YES;
				CLANG_WARN_BLOCK_CAPTURE_AUTORELEASING = YES;
				CLANG_WARN_BOOL_CONVERSION = YES;
				CLANG_WARN_COMMA = YES;
				CLANG_WARN_CONSTANT_CONVERSION = YES;
				CLANG_WARN_DEPRECATED_OBJC_IMPLEMENTATIONS = YES;
				CLANG_WARN_DIRECT_OBJC_ISA_USAGE = YES_ERROR;
				CLANG_WARN_DOCUMENTATION_COMMENTS = YES;
				CLANG_WARN_EMPTY_BODY = YES;
				CLANG_WARN_ENUM_CONVERSION = YES;
				CLANG_WARN_INFINITE_RECURSION = YES;
				CLANG_WARN_INT_CONVERSION = YES;
				CLANG_WARN_NON_LITERAL_NULL_CONVERSION = YES;
				CLANG_WARN_OBJC_IMPLICIT_RETAIN_SELF = YES;
				CLANG_WARN_OBJC_LITERAL_CONVERSION = YES;
				CLANG_WARN_OBJC_ROOT_CLASS = YES_ERROR;
				CLANG_WARN_RANGE_LOOP_ANALYSIS = YES;
				CLANG_WARN_STRICT_PROTOTYPES = YES;
				CLANG_WARN_SUSPICIOUS_MOVE = YES;
				CLANG_WARN_UNGUARDED_AVAILABILITY = YES_AGGRESSIVE;
				CLANG_WARN_UNREACHABLE_CODE = YES;
				CLANG_WARN__DUPLICATE_METHOD_MATCH = YES;
				CODE_SIGN_IDENTITY = "iPhone Developer";
				COPY_PHASE_STRIP = NO;
				DEBUG_INFORMATION_FORMAT = "dwarf-with-dsym";
				ENABLE_NS_ASSERTIONS = NO;
				ENABLE_STRICT_OBJC_MSGSEND = YES;
				GCC_C_LANGUAGE_STANDARD = gnu11;
				GCC_NO_COMMON_BLOCKS = YES;
				GCC_WARN_64_TO_32_BIT_CONVERSION = YES;
				GCC_WARN_ABOUT_RETURN_TYPE = YES_ERROR;
				GCC_WARN_UNDECLARED_SELECTOR = YES;
				GCC_WARN_UNINITIALIZED_AUTOS = YES_AGGRESSIVE;
				GCC_WARN_UNUSED_FUNCTION = YES;
				GCC_WARN_UNUSED_VARIABLE = YES;
				IPHONEOS_DEPLOYMENT_TARGET = 12.4;
				MTL_ENABLE_DEBUG_INFO = NO;
				MTL_FAST_MATH = YES;
				SDKROOT = iphoneos;
				SWIFT_COMPILATION_MODE = wholemodule;
				SWIFT_OPTIMIZATION_LEVEL = "-O";
				VALIDATE_PRODUCT = YES;
			};
			name = Release;
		};
		D49CF9E8232934600002D656 /* Debug */ = {
			isa = XCBuildConfiguration;
			buildSettings = {
				ASSETCATALOG_COMPILER_APPICON_NAME = AppIcon;
				CODE_SIGN_STYLE = Automatic;
				DEVELOPMENT_TEAM = ZNQBXBDT78;
				INFOPLIST_FILE = KdGPlanner/Info.plist;
				LD_RUNPATH_SEARCH_PATHS = (
					"$(inherited)",
					"@executable_path/Frameworks",
				);
				PRODUCT_BUNDLE_IDENTIFIER = com.devvix.KdGPlanner;
				PRODUCT_NAME = "$(TARGET_NAME)";
				SWIFT_VERSION = 5.0;
				TARGETED_DEVICE_FAMILY = "1,2";
			};
			name = Debug;
		};
		D49CF9E9232934600002D656 /* Release */ = {
			isa = XCBuildConfiguration;
			buildSettings = {
				ASSETCATALOG_COMPILER_APPICON_NAME = AppIcon;
				CODE_SIGN_STYLE = Automatic;
				DEVELOPMENT_TEAM = ZNQBXBDT78;
				INFOPLIST_FILE = KdGPlanner/Info.plist;
				LD_RUNPATH_SEARCH_PATHS = (
					"$(inherited)",
					"@executable_path/Frameworks",
				);
				PRODUCT_BUNDLE_IDENTIFIER = com.devvix.KdGPlanner;
				PRODUCT_NAME = "$(TARGET_NAME)";
				SWIFT_VERSION = 5.0;
				TARGETED_DEVICE_FAMILY = "1,2";
			};
			name = Release;
		};
/* End XCBuildConfiguration section */

/* Begin XCConfigurationList section */
		D49CF9D02329345E0002D656 /* Build configuration list for PBXProject "KdGPlanner" */ = {
			isa = XCConfigurationList;
			buildConfigurations = (
				D49CF9E5232934600002D656 /* Debug */,
				D49CF9E6232934600002D656 /* Release */,
			);
			defaultConfigurationIsVisible = 0;
			defaultConfigurationName = Release;
		};
		D49CF9E7232934600002D656 /* Build configuration list for PBXNativeTarget "KdGPlanner" */ = {
			isa = XCConfigurationList;
			buildConfigurations = (
				D49CF9E8232934600002D656 /* Debug */,
				D49CF9E9232934600002D656 /* Release */,
			);
			defaultConfigurationIsVisible = 0;
			defaultConfigurationName = Release;
		};
/* End XCConfigurationList section */
	};
	rootObject = D49CF9CD2329345E0002D656 /* Project object */;
}
